
Microsoft Visual Studio Solution File, Format Version 12.00
# Visual Studio Version 17
VisualStudioVersion = 17.7.34202.233
MinimumVisualStudioVersion = 10.0.40219.1
Project("{FAE04EC0-301F-11D3-BF4B-00C04F79EFBC}") = "PrincipalEFCoreMVC", "PrincipalEFCoreMVC\PrincipalEFCoreMVC.csproj", "{176E3F6E-B1EB-4EC1-B0F2-B238F7A5D5C8}"
EndProject
Global
	GlobalSection(SolutionConfigurationPlatforms) = preSolution
		Debug|Any CPU = Debug|Any CPU
		Release|Any CPU = Release|Any CPU
	EndGlobalSection
	GlobalSection(ProjectConfigurationPlatforms) = postSolution
		{176E3F6E-B1EB-4EC1-B0F2-B238F7A5D5C8}.Debug|Any CPU.ActiveCfg = Debug|Any CPU
		{176E3F6E-B1EB-4EC1-B0F2-B238F7A5D5C8}.Debug|Any CPU.Build.0 = Debug|Any CPU
		{176E3F6E-B1EB-4EC1-B0F2-B238F7A5D5C8}.Release|Any CPU.ActiveCfg = Release|Any CPU
		{176E3F6E-B1EB-4EC1-B0F2-B238F7A5D5C8}.Release|Any CPU.Build.0 = Release|Any CPU
	EndGlobalSection
	GlobalSection(SolutionProperties) = preSolution
		HideSolutionNode = FALSE
	EndGlobalSection
	GlobalSection(ExtensibilityGlobals) = postSolution
		SolutionGuid = {CB067BA8-9742-42D6-9B10-37E873850067}
	EndGlobalSection
EndGlobal
